// !$*UTF8*$!
{
	archiveVersion = 1;
	classes = {
	};
	objectVersion = 56;
	objects = {

/* Begin PBXBuildFile section */
		482EC4F52CD4F8E300B2F6A0 /* AppDelegate.swift in Sources */ = {isa = PBXBuildFile; fileRef = 482EC4EB2CD4F8E300B2F6A0 /* AppDelegate.swift */; };
		482EC4F62CD4F8E300B2F6A0 /* SceneDelegate.swift in Sources */ = {isa = PBXBuildFile; fileRef = 482EC4F22CD4F8E300B2F6A0 /* SceneDelegate.swift */; };
		482EC4F82CD4F8E300B2F6A0 /* Assets.xcassets in Resources */ = {isa = PBXBuildFile; fileRef = 482EC4EC2CD4F8E300B2F6A0 /* Assets.xcassets */; };
		482EC4FA2CD4F8E300B2F6A0 /* LaunchScreen.storyboard in Resources */ = {isa = PBXBuildFile; fileRef = 482EC4EF2CD4F8E300B2F6A0 /* LaunchScreen.storyboard */; };
		48A434452CD50E0C00465B5D /* IgSplashScreenViewController.swift in Sources */ = {isa = PBXBuildFile; fileRef = 48A434432CD50E0C00465B5D /* IgSplashScreenViewController.swift */; };
		48A434542CD52C6D00465B5D /* IgHomeTabBarController.swift in Sources */ = {isa = PBXBuildFile; fileRef = 48A434532CD52C6D00465B5D /* IgHomeTabBarController.swift */; };
		48A434662CD52CFE00465B5D /* IgProfileViewController.swift in Sources */ = {isa = PBXBuildFile; fileRef = 48A434642CD52CFE00465B5D /* IgProfileViewController.swift */; };
		48A4346B2CD52D0700465B5D /* IgReelsViewController.swift in Sources */ = {isa = PBXBuildFile; fileRef = 48A4346A2CD52D0700465B5D /* IgReelsViewController.swift */; };
		48A4346D2CD52D1100465B5D /* IgSearchViewController.swift in Sources */ = {isa = PBXBuildFile; fileRef = 48A4346C2CD52D1100465B5D /* IgSearchViewController.swift */; };
		48A4346F2CD52D1B00465B5D /* IgCreateViewController.swift in Sources */ = {isa = PBXBuildFile; fileRef = 48A4346E2CD52D1B00465B5D /* IgCreateViewController.swift */; };
		48CB94692CD4FA6900DED792 /* IgHomeViewController.swift in Sources */ = {isa = PBXBuildFile; fileRef = 48CB94662CD4FA6900DED792 /* IgHomeViewController.swift */; };
		F29D855A6D1057E7A72344AD /* Pods_Instagram_Clone.framework in Frameworks */ = {isa = PBXBuildFile; fileRef = D887BFBAEACEA935C81EF7A5 /* Pods_Instagram_Clone.framework */; };
/* End PBXBuildFile section */

/* Begin PBXFileReference section */
		1258F4288C1A64F3F01AFC62 /* Pods-Instagram-Clone.release.xcconfig */ = {isa = PBXFileReference; includeInIndex = 1; lastKnownFileType = text.xcconfig; name = "Pods-Instagram-Clone.release.xcconfig"; path = "Target Support Files/Pods-Instagram-Clone/Pods-Instagram-Clone.release.xcconfig"; sourceTree = "<group>"; };
		482EC4D32CD4F8D400B2F6A0 /* Instagram-Clone.app */ = {isa = PBXFileReference; explicitFileType = wrapper.application; includeInIndex = 0; path = "Instagram-Clone.app"; sourceTree = BUILT_PRODUCTS_DIR; };
		482EC4EB2CD4F8E300B2F6A0 /* AppDelegate.swift */ = {isa = PBXFileReference; lastKnownFileType = sourcecode.swift; path = AppDelegate.swift; sourceTree = "<group>"; };
		482EC4EC2CD4F8E300B2F6A0 /* Assets.xcassets */ = {isa = PBXFileReference; lastKnownFileType = folder.assetcatalog; path = Assets.xcassets; sourceTree = "<group>"; };
		482EC4ED2CD4F8E300B2F6A0 /* Info.plist */ = {isa = PBXFileReference; lastKnownFileType = text.plist.xml; path = Info.plist; sourceTree = "<group>"; };
		482EC4EE2CD4F8E300B2F6A0 /* Base */ = {isa = PBXFileReference; lastKnownFileType = file.storyboard; name = Base; path = Base.lproj/LaunchScreen.storyboard; sourceTree = "<group>"; };
		482EC4F22CD4F8E300B2F6A0 /* SceneDelegate.swift */ = {isa = PBXFileReference; lastKnownFileType = sourcecode.swift; path = SceneDelegate.swift; sourceTree = "<group>"; };
		48A434432CD50E0C00465B5D /* IgSplashScreenViewController.swift */ = {isa = PBXFileReference; lastKnownFileType = sourcecode.swift; path = IgSplashScreenViewController.swift; sourceTree = "<group>"; };
		48A434532CD52C6D00465B5D /* IgHomeTabBarController.swift */ = {isa = PBXFileReference; lastKnownFileType = sourcecode.swift; path = IgHomeTabBarController.swift; sourceTree = "<group>"; };
		48A434642CD52CFE00465B5D /* IgProfileViewController.swift */ = {isa = PBXFileReference; lastKnownFileType = sourcecode.swift; path = IgProfileViewController.swift; sourceTree = "<group>"; };
		48A4346A2CD52D0700465B5D /* IgReelsViewController.swift */ = {isa = PBXFileReference; lastKnownFileType = sourcecode.swift; path = IgReelsViewController.swift; sourceTree = "<group>"; };
		48A4346C2CD52D1100465B5D /* IgSearchViewController.swift */ = {isa = PBXFileReference; lastKnownFileType = sourcecode.swift; path = IgSearchViewController.swift; sourceTree = "<group>"; };
		48A4346E2CD52D1B00465B5D /* IgCreateViewController.swift */ = {isa = PBXFileReference; lastKnownFileType = sourcecode.swift; path = IgCreateViewController.swift; sourceTree = "<group>"; };
		48CB94662CD4FA6900DED792 /* IgHomeViewController.swift */ = {isa = PBXFileReference; lastKnownFileType = sourcecode.swift; path = IgHomeViewController.swift; sourceTree = "<group>"; };
		A12C0C302D859CE5BB2B9A1D /* Pods-Instagram-Clone.debug.xcconfig */ = {isa = PBXFileReference; includeInIndex = 1; lastKnownFileType = text.xcconfig; name = "Pods-Instagram-Clone.debug.xcconfig"; path = "Target Support Files/Pods-Instagram-Clone/Pods-Instagram-Clone.debug.xcconfig"; sourceTree = "<group>"; };
		D887BFBAEACEA935C81EF7A5 /* Pods_Instagram_Clone.framework */ = {isa = PBXFileReference; explicitFileType = wrapper.framework; includeInIndex = 0; path = Pods_Instagram_Clone.framework; sourceTree = BUILT_PRODUCTS_DIR; };
/* End PBXFileReference section */

/* Begin PBXFrameworksBuildPhase section */
		482EC4D02CD4F8D400B2F6A0 /* Frameworks */ = {
			isa = PBXFrameworksBuildPhase;
			buildActionMask = 2147483647;
			files = (
				F29D855A6D1057E7A72344AD /* Pods_Instagram_Clone.framework in Frameworks */,
			);
			runOnlyForDeploymentPostprocessing = 0;
		};
/* End PBXFrameworksBuildPhase section */

/* Begin PBXGroup section */
		482EC4CA2CD4F8D400B2F6A0 = {
			isa = PBXGroup;
			children = (
				482EC4F42CD4F8E300B2F6A0 /* Instagram-Clone */,
				482EC4D42CD4F8D400B2F6A0 /* Products */,
				705A8DFE45AEE11EB1610519 /* Pods */,
				EA65210CB654910D0D436D46 /* Frameworks */,
			);
			sourceTree = "<group>";
		};
		482EC4D42CD4F8D400B2F6A0 /* Products */ = {
			isa = PBXGroup;
			children = (
				482EC4D32CD4F8D400B2F6A0 /* Instagram-Clone.app */,
			);
			name = Products;
			sourceTree = "<group>";
		};
		482EC4F42CD4F8E300B2F6A0 /* Instagram-Clone */ = {
			isa = PBXGroup;
			children = (
				48CB94632CD4FA4F00DED792 /* Instagram */,
				482EC4EB2CD4F8E300B2F6A0 /* AppDelegate.swift */,
				482EC4EC2CD4F8E300B2F6A0 /* Assets.xcassets */,
				482EC4ED2CD4F8E300B2F6A0 /* Info.plist */,
				482EC4EF2CD4F8E300B2F6A0 /* LaunchScreen.storyboard */,
				482EC4F22CD4F8E300B2F6A0 /* SceneDelegate.swift */,
			);
			path = "Instagram-Clone";
			sourceTree = "<group>";
		};
		48A434442CD50E0C00465B5D /* SplashScreen */ = {
			isa = PBXGroup;
			children = (
				48A434432CD50E0C00465B5D /* IgSplashScreenViewController.swift */,
			);
			path = SplashScreen;
			sourceTree = "<group>";
		};
		48A434512CD527E000465B5D /* TabBarController */ = {
			isa = PBXGroup;
			children = (
				48A434532CD52C6D00465B5D /* IgHomeTabBarController.swift */,
			);
			path = TabBarController;
			sourceTree = "<group>";
		};
		48A4345A2CD52CB800465B5D /* Reels */ = {
			isa = PBXGroup;
			children = (
				48A434672CD52CFE00465B5D /* View */,
			);
			path = Reels;
			sourceTree = "<group>";
		};
		48A4345B2CD52CB800465B5D /* Search */ = {
			isa = PBXGroup;
			children = (
				48A434682CD52CFE00465B5D /* View */,
			);
			path = Search;
			sourceTree = "<group>";
		};
		48A4345C2CD52CB800465B5D /* Create */ = {
			isa = PBXGroup;
			children = (
				48A434692CD52CFE00465B5D /* View */,
			);
			path = Create;
			sourceTree = "<group>";
		};
		48A4345D2CD52CB800465B5D /* Profile */ = {
			isa = PBXGroup;
			children = (
				48A434652CD52CFE00465B5D /* View */,
			);
			path = Profile;
			sourceTree = "<group>";
		};
		48A434652CD52CFE00465B5D /* View */ = {
			isa = PBXGroup;
			children = (
				48A434642CD52CFE00465B5D /* IgProfileViewController.swift */,
			);
			path = View;
			sourceTree = "<group>";
		};
		48A434672CD52CFE00465B5D /* View */ = {
			isa = PBXGroup;
			children = (
				48A4346A2CD52D0700465B5D /* IgReelsViewController.swift */,
			);
			path = View;
			sourceTree = "<group>";
		};
		48A434682CD52CFE00465B5D /* View */ = {
			isa = PBXGroup;
			children = (
				48A4346C2CD52D1100465B5D /* IgSearchViewController.swift */,
			);
			path = View;
			sourceTree = "<group>";
		};
		48A434692CD52CFE00465B5D /* View */ = {
			isa = PBXGroup;
			children = (
				48A4346E2CD52D1B00465B5D /* IgCreateViewController.swift */,
			);
			path = View;
			sourceTree = "<group>";
		};
		48CB94632CD4FA4F00DED792 /* Instagram */ = {
			isa = PBXGroup;
			children = (
				48CB94682CD4FA6900DED792 /* Home */,
				48A4345D2CD52CB800465B5D /* Profile */,
				48A4345A2CD52CB800465B5D /* Reels */,
				48A4345B2CD52CB800465B5D /* Search */,
				48A4345C2CD52CB800465B5D /* Create */,
				48A434512CD527E000465B5D /* TabBarController */,
				48A434442CD50E0C00465B5D /* SplashScreen */,
			);
			path = Instagram;
			sourceTree = "<group>";
		};
		48CB94672CD4FA6900DED792 /* View */ = {
			isa = PBXGroup;
			children = (
				48CB94662CD4FA6900DED792 /* IgHomeViewController.swift */,
			);
			path = View;
			sourceTree = "<group>";
		};
		48CB94682CD4FA6900DED792 /* Home */ = {
			isa = PBXGroup;
			children = (
				48CB94672CD4FA6900DED792 /* View */,
			);
			path = Home;
			sourceTree = "<group>";
		};
		705A8DFE45AEE11EB1610519 /* Pods */ = {
			isa = PBXGroup;
			children = (
				A12C0C302D859CE5BB2B9A1D /* Pods-Instagram-Clone.debug.xcconfig */,
				1258F4288C1A64F3F01AFC62 /* Pods-Instagram-Clone.release.xcconfig */,
			);
			path = Pods;
			sourceTree = "<group>";
		};
		EA65210CB654910D0D436D46 /* Frameworks */ = {
			isa = PBXGroup;
			children = (
				D887BFBAEACEA935C81EF7A5 /* Pods_Instagram_Clone.framework */,
			);
			name = Frameworks;
			sourceTree = "<group>";
		};
/* End PBXGroup section */

/* Begin PBXNativeTarget section */
		482EC4D22CD4F8D400B2F6A0 /* Instagram-Clone */ = {
			isa = PBXNativeTarget;
			buildConfigurationList = 482EC4E62CD4F8D400B2F6A0 /* Build configuration list for PBXNativeTarget "Instagram-Clone" */;
			buildPhases = (
				428B72C75CFF78E009F98EBC /* [CP] Check Pods Manifest.lock */,
				482EC4CF2CD4F8D400B2F6A0 /* Sources */,
				482EC4D02CD4F8D400B2F6A0 /* Frameworks */,
				482EC4D12CD4F8D400B2F6A0 /* Resources */,
				A5D8E00E29A1D740F47A647C /* [CP] Embed Pods Frameworks */,
			);
			buildRules = (
			);
			dependencies = (
			);
			name = "Instagram-Clone";
			productName = "Instagram-Clone";
			productReference = 482EC4D32CD4F8D400B2F6A0 /* Instagram-Clone.app */;
			productType = "com.apple.product-type.application";
		};
/* End PBXNativeTarget section */

/* Begin PBXProject section */
		482EC4CB2CD4F8D400B2F6A0 /* Project object */ = {
			isa = PBXProject;
			attributes = {
				BuildIndependentTargetsInParallel = 1;
				LastSwiftUpdateCheck = 1600;
				LastUpgradeCheck = 1600;
				TargetAttributes = {
					482EC4D22CD4F8D400B2F6A0 = {
						CreatedOnToolsVersion = 16.0;
					};
				};
			};
			buildConfigurationList = 482EC4CE2CD4F8D400B2F6A0 /* Build configuration list for PBXProject "Instagram-Clone" */;
			compatibilityVersion = "Xcode 14.0";
			developmentRegion = en;
			hasScannedForEncodings = 0;
			knownRegions = (
				en,
				Base,
			);
			mainGroup = 482EC4CA2CD4F8D400B2F6A0;
			productRefGroup = 482EC4D42CD4F8D400B2F6A0 /* Products */;
			projectDirPath = "";
			projectRoot = "";
			targets = (
				482EC4D22CD4F8D400B2F6A0 /* Instagram-Clone */,
			);
		};
/* End PBXProject section */

/* Begin PBXResourcesBuildPhase section */
		482EC4D12CD4F8D400B2F6A0 /* Resources */ = {
			isa = PBXResourcesBuildPhase;
			buildActionMask = 2147483647;
			files = (
				482EC4F82CD4F8E300B2F6A0 /* Assets.xcassets in Resources */,
				482EC4FA2CD4F8E300B2F6A0 /* LaunchScreen.storyboard in Resources */,
			);
			runOnlyForDeploymentPostprocessing = 0;
		};
/* End PBXResourcesBuildPhase section */

/* Begin PBXShellScriptBuildPhase section */
		428B72C75CFF78E009F98EBC /* [CP] Check Pods Manifest.lock */ = {
			isa = PBXShellScriptBuildPhase;
			buildActionMask = 2147483647;
			files = (
			);
			inputFileListPaths = (
			);
			inputPaths = (
				"${PODS_PODFILE_DIR_PATH}/Podfile.lock",
				"${PODS_ROOT}/Manifest.lock",
			);
			name = "[CP] Check Pods Manifest.lock";
			outputFileListPaths = (
			);
			outputPaths = (
				"$(DERIVED_FILE_DIR)/Pods-Instagram-Clone-checkManifestLockResult.txt",
			);
			runOnlyForDeploymentPostprocessing = 0;
			shellPath = /bin/sh;
			shellScript = "diff \"${PODS_PODFILE_DIR_PATH}/Podfile.lock\" \"${PODS_ROOT}/Manifest.lock\" > /dev/null\nif [ $? != 0 ] ; then\n    # print error to STDERR\n    echo \"error: The sandbox is not in sync with the Podfile.lock. Run 'pod install' or update your CocoaPods installation.\" >&2\n    exit 1\nfi\n# This output is used by Xcode 'outputs' to avoid re-running this script phase.\necho \"SUCCESS\" > \"${SCRIPT_OUTPUT_FILE_0}\"\n";
			showEnvVarsInLog = 0;
		};
		A5D8E00E29A1D740F47A647C /* [CP] Embed Pods Frameworks */ = {
			isa = PBXShellScriptBuildPhase;
			buildActionMask = 2147483647;
			files = (
			);
			inputFileListPaths = (
				"${PODS_ROOT}/Target Support Files/Pods-Instagram-Clone/Pods-Instagram-Clone-frameworks-${CONFIGURATION}-input-files.xcfilelist",
			);
			name = "[CP] Embed Pods Frameworks";
			outputFileListPaths = (
				"${PODS_ROOT}/Target Support Files/Pods-Instagram-Clone/Pods-Instagram-Clone-frameworks-${CONFIGURATION}-output-files.xcfilelist",
			);
			runOnlyForDeploymentPostprocessing = 0;
			shellPath = /bin/sh;
			shellScript = "\"${PODS_ROOT}/Target Support Files/Pods-Instagram-Clone/Pods-Instagram-Clone-frameworks.sh\"\n";
			showEnvVarsInLog = 0;
		};
/* End PBXShellScriptBuildPhase section */

/* Begin PBXSourcesBuildPhase section */
		482EC4CF2CD4F8D400B2F6A0 /* Sources */ = {
			isa = PBXSourcesBuildPhase;
			buildActionMask = 2147483647;
			files = (
				48A434662CD52CFE00465B5D /* IgProfileViewController.swift in Sources */,
				482EC4F52CD4F8E300B2F6A0 /* AppDelegate.swift in Sources */,
				48A4346F2CD52D1B00465B5D /* IgCreateViewController.swift in Sources */,
				48A4346D2CD52D1100465B5D /* IgSearchViewController.swift in Sources */,
				482EC4F62CD4F8E300B2F6A0 /* SceneDelegate.swift in Sources */,
				48A434452CD50E0C00465B5D /* IgSplashScreenViewController.swift in Sources */,
				48A4346B2CD52D0700465B5D /* IgReelsViewController.swift in Sources */,
				48CB94692CD4FA6900DED792 /* IgHomeViewController.swift in Sources */,
				48A434542CD52C6D00465B5D /* IgHomeTabBarController.swift in Sources */,
			);
			runOnlyForDeploymentPostprocessing = 0;
		};
/* End PBXSourcesBuildPhase section */

/* Begin PBXVariantGroup section */
		482EC4EF2CD4F8E300B2F6A0 /* LaunchScreen.storyboard */ = {
			isa = PBXVariantGroup;
			children = (
				482EC4EE2CD4F8E300B2F6A0 /* Base */,
			);
			name = LaunchScreen.storyboard;
			sourceTree = "<group>";
		};
/* End PBXVariantGroup section */

/* Begin XCBuildConfiguration section */
		482EC4E72CD4F8D400B2F6A0 /* Debug */ = {
			isa = XCBuildConfiguration;
			baseConfigurationReference = A12C0C302D859CE5BB2B9A1D /* Pods-Instagram-Clone.debug.xcconfig */;
			buildSettings = {
				ASSETCATALOG_COMPILER_APPICON_NAME = AppIcon;
				ASSETCATALOG_COMPILER_GLOBAL_ACCENT_COLOR_NAME = AccentColor;
				CODE_SIGN_STYLE = Automatic;
				CURRENT_PROJECT_VERSION = 1;
				DEVELOPMENT_TEAM = 8ST95L9AK8;
				ENABLE_USER_SCRIPT_SANDBOXING = NO;
				GENERATE_INFOPLIST_FILE = YES;
				INFOPLIST_FILE = "Instagram-Clone/Info.plist";
				INFOPLIST_KEY_UIApplicationSupportsIndirectInputEvents = YES;
				INFOPLIST_KEY_UILaunchStoryboardName = LaunchScreen;
				INFOPLIST_KEY_UISupportedInterfaceOrientations_iPad = "UIInterfaceOrientationPortrait UIInterfaceOrientationPortraitUpsideDown UIInterfaceOrientationLandscapeLeft UIInterfaceOrientationLandscapeRight";
				INFOPLIST_KEY_UISupportedInterfaceOrientations_iPhone = "UIInterfaceOrientationPortrait UIInterfaceOrientationLandscapeLeft UIInterfaceOrientationLandscapeRight";
				LD_RUNPATH_SEARCH_PATHS = (
					"$(inherited)",
					"@executable_path/Frameworks",
				);
				MARKETING_VERSION = 1.0;
				PRODUCT_BUNDLE_IDENTIFIER = com.aditya.www.insta;
				PRODUCT_NAME = "$(TARGET_NAME)";
				SWIFT_EMIT_LOC_STRINGS = YES;
				SWIFT_VERSION = 5.0;
				TARGETED_DEVICE_FAMILY = "1,2";
			};
			name = Debug;
		};
		482EC4E82CD4F8D400B2F6A0 /* Release */ = {
			isa = XCBuildConfiguration;
			baseConfigurationReference = 1258F4288C1A64F3F01AFC62 /* Pods-Instagram-Clone.release.xcconfig */;
			buildSettings = {
				ASSETCATALOG_COMPILER_APPICON_NAME = AppIcon;
				ASSETCATALOG_COMPILER_GLOBAL_ACCENT_COLOR_NAME = AccentColor;
				CODE_SIGN_STYLE = Automatic;
				CURRENT_PROJECT_VERSION = 1;
				DEVELOPMENT_TEAM = 8ST95L9AK8;
				ENABLE_USER_SCRIPT_SANDBOXING = NO;
				GENERATE_INFOPLIST_FILE = YES;
				INFOPLIST_FILE = "Instagram-Clone/Info.plist";
				INFOPLIST_KEY_UIApplicationSupportsIndirectInputEvents = YES;
				INFOPLIST_KEY_UILaunchStoryboardName = LaunchScreen;
				INFOPLIST_KEY_UISupportedInterfaceOrientations_iPad = "UIInterfaceOrientationPortrait UIInterfaceOrientationPortraitUpsideDown UIInterfaceOrientationLandscapeLeft UIInterfaceOrientationLandscapeRight";
				INFOPLIST_KEY_UISupportedInterfaceOrientations_iPhone = "UIInterfaceOrientationPortrait UIInterfaceOrientationLandscapeLeft UIInterfaceOrientationLandscapeRight";
				LD_RUNPATH_SEARCH_PATHS = (
					"$(inherited)",
					"@executable_path/Frameworks",
				);
				MARKETING_VERSION = 1.0;
				PRODUCT_BUNDLE_IDENTIFIER = com.aditya.www.insta;
				PRODUCT_NAME = "$(TARGET_NAME)";
				SWIFT_EMIT_LOC_STRINGS = YES;
				SWIFT_VERSION = 5.0;
				TARGETED_DEVICE_FAMILY = "1,2";
			};
			name = Release;
		};
		482EC4E92CD4F8D400B2F6A0 /* Debug */ = {
			isa = XCBuildConfiguration;
			buildSettings = {
				ALWAYS_SEARCH_USER_PATHS = NO;
				ASSETCATALOG_COMPILER_GENERATE_SWIFT_ASSET_SYMBOL_EXTENSIONS = YES;
				CLANG_ANALYZER_NONNULL = YES;
				CLANG_ANALYZER_NUMBER_OBJECT_CONVERSION = YES_AGGRESSIVE;
				CLANG_CXX_LANGUAGE_STANDARD = "gnu++20";
				CLANG_ENABLE_MODULES = YES;
				CLANG_ENABLE_OBJC_ARC = YES;
				CLANG_ENABLE_OBJC_WEAK = YES;
				CLANG_WARN_BLOCK_CAPTURE_AUTORELEASING = YES;
				CLANG_WARN_BOOL_CONVERSION = YES;
				CLANG_WARN_COMMA = YES;
				CLANG_WARN_CONSTANT_CONVERSION = YES;
				CLANG_WARN_DEPRECATED_OBJC_IMPLEMENTATIONS = YES;
				CLANG_WARN_DIRECT_OBJC_ISA_USAGE = YES_ERROR;
				CLANG_WARN_DOCUMENTATION_COMMENTS = YES;
				CLANG_WARN_EMPTY_BODY = YES;
				CLANG_WARN_ENUM_CONVERSION = YES;
				CLANG_WARN_INFINITE_RECURSION = YES;
				CLANG_WARN_INT_CONVERSION = YES;
				CLANG_WARN_NON_LITERAL_NULL_CONVERSION = YES;
				CLANG_WARN_OBJC_IMPLICIT_RETAIN_SELF = YES;
				CLANG_WARN_OBJC_LITERAL_CONVERSION = YES;
				CLANG_WARN_OBJC_ROOT_CLASS = YES_ERROR;
				CLANG_WARN_QUOTED_INCLUDE_IN_FRAMEWORK_HEADER = YES;
				CLANG_WARN_RANGE_LOOP_ANALYSIS = YES;
				CLANG_WARN_STRICT_PROTOTYPES = YES;
				CLANG_WARN_SUSPICIOUS_MOVE = YES;
				CLANG_WARN_UNGUARDED_AVAILABILITY = YES_AGGRESSIVE;
				CLANG_WARN_UNREACHABLE_CODE = YES;
				CLANG_WARN__DUPLICATE_METHOD_MATCH = YES;
				COPY_PHASE_STRIP = NO;
				DEBUG_INFORMATION_FORMAT = dwarf;
				ENABLE_STRICT_OBJC_MSGSEND = YES;
				ENABLE_TESTABILITY = YES;
				ENABLE_USER_SCRIPT_SANDBOXING = YES;
				GCC_C_LANGUAGE_STANDARD = gnu17;
				GCC_DYNAMIC_NO_PIC = NO;
				GCC_NO_COMMON_BLOCKS = YES;
				GCC_OPTIMIZATION_LEVEL = 0;
				GCC_PREPROCESSOR_DEFINITIONS = (
					"DEBUG=1",
					"$(inherited)",
				);
				GCC_WARN_64_TO_32_BIT_CONVERSION = YES;
				GCC_WARN_ABOUT_RETURN_TYPE = YES_ERROR;
				GCC_WARN_UNDECLARED_SELECTOR = YES;
				GCC_WARN_UNINITIALIZED_AUTOS = YES_AGGRESSIVE;
				GCC_WARN_UNUSED_FUNCTION = YES;
				GCC_WARN_UNUSED_VARIABLE = YES;
				IPHONEOS_DEPLOYMENT_TARGET = 18.0;
				LOCALIZATION_PREFERS_STRING_CATALOGS = YES;
				MTL_ENABLE_DEBUG_INFO = INCLUDE_SOURCE;
				MTL_FAST_MATH = YES;
				ONLY_ACTIVE_ARCH = YES;
				SDKROOT = iphoneos;
				SWIFT_ACTIVE_COMPILATION_CONDITIONS = "DEBUG $(inherited)";
				SWIFT_OPTIMIZATION_LEVEL = "-Onone";
			};
			name = Debug;
		};
		482EC4EA2CD4F8D400B2F6A0 /* Release */ = {
			isa = XCBuildConfiguration;
			buildSettings = {
				ALWAYS_SEARCH_USER_PATHS = NO;
				ASSETCATALOG_COMPILER_GENERATE_SWIFT_ASSET_SYMBOL_EXTENSIONS = YES;
				CLANG_ANALYZER_NONNULL = YES;
				CLANG_ANALYZER_NUMBER_OBJECT_CONVERSION = YES_AGGRESSIVE;
				CLANG_CXX_LANGUAGE_STANDARD = "gnu++20";
				CLANG_ENABLE_MODULES = YES;
				CLANG_ENABLE_OBJC_ARC = YES;
				CLANG_ENABLE_OBJC_WEAK = YES;
				CLANG_WARN_BLOCK_CAPTURE_AUTORELEASING = YES;
				CLANG_WARN_BOOL_CONVERSION = YES;
				CLANG_WARN_COMMA = YES;
				CLANG_WARN_CONSTANT_CONVERSION = YES;
				CLANG_WARN_DEPRECATED_OBJC_IMPLEMENTATIONS = YES;
				CLANG_WARN_DIRECT_OBJC_ISA_USAGE = YES_ERROR;
				CLANG_WARN_DOCUMENTATION_COMMENTS = YES;
				CLANG_WARN_EMPTY_BODY = YES;
				CLANG_WARN_ENUM_CONVERSION = YES;
				CLANG_WARN_INFINITE_RECURSION = YES;
				CLANG_WARN_INT_CONVERSION = YES;
				CLANG_WARN_NON_LITERAL_NULL_CONVERSION = YES;
				CLANG_WARN_OBJC_IMPLICIT_RETAIN_SELF = YES;
				CLANG_WARN_OBJC_LITERAL_CONVERSION = YES;
				CLANG_WARN_OBJC_ROOT_CLASS = YES_ERROR;
				CLANG_WARN_QUOTED_INCLUDE_IN_FRAMEWORK_HEADER = YES;
				CLANG_WARN_RANGE_LOOP_ANALYSIS = YES;
				CLANG_WARN_STRICT_PROTOTYPES = YES;
				CLANG_WARN_SUSPICIOUS_MOVE = YES;
				CLANG_WARN_UNGUARDED_AVAILABILITY = YES_AGGRESSIVE;
				CLANG_WARN_UNREACHABLE_CODE = YES;
				CLANG_WARN__DUPLICATE_METHOD_MATCH = YES;
				COPY_PHASE_STRIP = NO;
				DEBUG_INFORMATION_FORMAT = "dwarf-with-dsym";
				ENABLE_NS_ASSERTIONS = NO;
				ENABLE_STRICT_OBJC_MSGSEND = YES;
				ENABLE_USER_SCRIPT_SANDBOXING = YES;
				GCC_C_LANGUAGE_STANDARD = gnu17;
				GCC_NO_COMMON_BLOCKS = YES;
				GCC_WARN_64_TO_32_BIT_CONVERSION = YES;
				GCC_WARN_ABOUT_RETURN_TYPE = YES_ERROR;
				GCC_WARN_UNDECLARED_SELECTOR = YES;
				GCC_WARN_UNINITIALIZED_AUTOS = YES_AGGRESSIVE;
				GCC_WARN_UNUSED_FUNCTION = YES;
				GCC_WARN_UNUSED_VARIABLE = YES;
				IPHONEOS_DEPLOYMENT_TARGET = 18.0;
				LOCALIZATION_PREFERS_STRING_CATALOGS = YES;
				MTL_ENABLE_DEBUG_INFO = NO;
				MTL_FAST_MATH = YES;
				SDKROOT = iphoneos;
				SWIFT_COMPILATION_MODE = wholemodule;
				VALIDATE_PRODUCT = YES;
			};
			name = Release;
		};
/* End XCBuildConfiguration section */

/* Begin XCConfigurationList section */
		482EC4CE2CD4F8D400B2F6A0 /* Build configuration list for PBXProject "Instagram-Clone" */ = {
			isa = XCConfigurationList;
			buildConfigurations = (
				482EC4E92CD4F8D400B2F6A0 /* Debug */,
				482EC4EA2CD4F8D400B2F6A0 /* Release */,
			);
			defaultConfigurationIsVisible = 0;
			defaultConfigurationName = Release;
		};
		482EC4E62CD4F8D400B2F6A0 /* Build configuration list for PBXNativeTarget "Instagram-Clone" */ = {
			isa = XCConfigurationList;
			buildConfigurations = (
				482EC4E72CD4F8D400B2F6A0 /* Debug */,
				482EC4E82CD4F8D400B2F6A0 /* Release */,
			);
			defaultConfigurationIsVisible = 0;
			defaultConfigurationName = Release;
		};
/* End XCConfigurationList section */
	};
	rootObject = 482EC4CB2CD4F8D400B2F6A0 /* Project object */;
}
